
Microsoft Visual Studio Solution File, Format Version 12.00
# Visual Studio 15
VisualStudioVersion = 15.0.28307.572
MinimumVisualStudioVersion = 10.0.40219.1
Project("{FAE04EC0-301F-11D3-BF4B-00C04F79EFBC}") = "Music", "Music\Music.csproj", "{3D08A7F3-A2AB-444B-9936-0DF0789B8F2F}"
EndProject
Project("{FAE04EC0-301F-11D3-BF4B-00C04F79EFBC}") = "Model", "Model\Model.csproj", "{8CADCC8D-4A73-47C7-89DC-FFCE2D5D055A}"
EndProject
Project("{FAE04EC0-301F-11D3-BF4B-00C04F79EFBC}") = "DAL", "DAL\DAL.csproj", "{6DE4AA14-4200-4D68-A3D5-8619AF291AF0}"
EndProject
Project("{FAE04EC0-301F-11D3-BF4B-00C04F79EFBC}") = "BLL", "BLL\BLL.csproj", "{20326FC7-B6AE-4152-A9DE-A48C09B91E0B}"
EndProject
Global
	GlobalSection(SolutionConfigurationPlatforms) = preSolution
		Debug|Any CPU = Debug|Any CPU
		Release|Any CPU = Release|Any CPU
	EndGlobalSection
	GlobalSection(ProjectConfigurationPlatforms) = postSolution
		{3D08A7F3-A2AB-444B-9936-0DF0789B8F2F}.Debug|Any CPU.ActiveCfg = Debug|Any CPU
		{3D08A7F3-A2AB-444B-9936-0DF0789B8F2F}.Debug|Any CPU.Build.0 = Debug|Any CPU
		{3D08A7F3-A2AB-444B-9936-0DF0789B8F2F}.Release|Any CPU.ActiveCfg = Release|Any CPU
		{3D08A7F3-A2AB-444B-9936-0DF0789B8F2F}.Release|Any CPU.Build.0 = Release|Any CPU
		{8CADCC8D-4A73-47C7-89DC-FFCE2D5D055A}.Debug|Any CPU.ActiveCfg = Debug|Any CPU
		{8CADCC8D-4A73-47C7-89DC-FFCE2D5D055A}.Debug|Any CPU.Build.0 = Debug|Any CPU
		{8CADCC8D-4A73-47C7-89DC-FFCE2D5D055A}.Release|Any CPU.ActiveCfg = Release|Any CPU
		{8CADCC8D-4A73-47C7-89DC-FFCE2D5D055A}.Release|Any CPU.Build.0 = Release|Any CPU
		{6DE4AA14-4200-4D68-A3D5-8619AF291AF0}.Debug|Any CPU.ActiveCfg = Debug|Any CPU
		{6DE4AA14-4200-4D68-A3D5-8619AF291AF0}.Debug|Any CPU.Build.0 = Debug|Any CPU
		{6DE4AA14-4200-4D68-A3D5-8619AF291AF0}.Release|Any CPU.ActiveCfg = Release|Any CPU
		{6DE4AA14-4200-4D68-A3D5-8619AF291AF0}.Release|Any CPU.Build.0 = Release|Any CPU
		{20326FC7-B6AE-4152-A9DE-A48C09B91E0B}.Debug|Any CPU.ActiveCfg = Debug|Any CPU
		{20326FC7-B6AE-4152-A9DE-A48C09B91E0B}.Debug|Any CPU.Build.0 = Debug|Any CPU
		{20326FC7-B6AE-4152-A9DE-A48C09B91E0B}.Release|Any CPU.ActiveCfg = Release|Any CPU
		{20326FC7-B6AE-4152-A9DE-A48C09B91E0B}.Release|Any CPU.Build.0 = Release|Any CPU
	EndGlobalSection
	GlobalSection(SolutionProperties) = preSolution
		HideSolutionNode = FALSE
	EndGlobalSection
	GlobalSection(ExtensibilityGlobals) = postSolution
		SolutionGuid = {2C177228-EDA7-4397-8D19-FE6B90EA7304}
	EndGlobalSection
EndGlobal
